{
  "name": "@everyday-workflows/opencode-hindsight",
  "version": "2.0.0",
  "lockfileVersion": 3,
  "requires": true,
  "packages": {
    "": {
      "name": "@everyday-workflows/opencode-hindsight",
      "version": "2.0.0",
      "license": "MIT",
      "peerDependencies": {
        "@opencode-ai/plugin": "^1.3.11"
      }
    },
    "node_modules/@opencode-ai/plugin": {
      "version": "1.3.11",
      "resolved": "https://registry.npmjs.org/@opencode-ai/plugin/-/plugin-1.3.11.tgz",
      "integrity": "sha512-PzxNO2QayrN73+Ou9dIwk8oFUGS2xytEF/RQjENXQA9LzW00bag9KjurDkMriu0aCb0zdWjXsjbWGGN9Qu8SoA==",
      "license": "MIT",
      "peer": true,
      "dependencies": {
        "@opencode-ai/sdk": "1.3.11",
        "zod": "4.1.8"
      },
      "peerDependencies": {
        "@opentui/core": ">=0.1.93",
        "@opentui/solid": ">=0.1.93"
      },
      "peerDependenciesMeta": {
        "@opentui/core": {
          "optional": true
        },
        "@opentui/solid": {
          "optional": true
        }
      }
    },
    "node_modules/@opencode-ai/sdk": {
      "version": "1.3.11",
      "resolved": "https://registry.npmjs.org/@opencode-ai/sdk/-/sdk-1.3.11.tgz",
      "integrity": "sha512-ys9Ezv/7dGYnqr+nVkDFjSLATy+Itg9RYBdJgFXqsPEp852oCMhJEfGeZZ3Plhyhx3kOYa6iPNAgVR6xuCKKeg==",
      "license": "MIT",
      "peer": true
    },
    "node_modules/zod": {
      "version": "4.1.8",
      "resolved": "https://registry.npmjs.org/zod/-/zod-4.1.8.tgz",
      "integrity": "sha512-5R1P+WwQqmmMIEACyzSvo4JXHY5WiAFHRMg+zBZKgKS+Q1viRa0C1hmUKtHltoIFKtIdki3pRxkmpP74jnNYHQ==",
      "license": "MIT",
      "peer": true,
      "funding": {
        "url": "https://github.com/sponsors/colinhacks"
      }
    }
  }
}
